
Microsoft Visual Studio Solution File, Format Version 12.00
# Visual Studio Version 17
VisualStudioVersion = 17.4.33403.182
MinimumVisualStudioVersion = 10.0.40219.1
Project("{FAE04EC0-301F-11D3-BF4B-00C04F79EFBC}") = "TwoSum", "TwoSum\TwoSum.csproj", "{AC290A6D-EEFE-40CE-A3F9-D6B63752683A}"
EndProject
Global
	GlobalSection(SolutionConfigurationPlatforms) = preSolution
		Debug|Any CPU = Debug|Any CPU
		Release|Any CPU = Release|Any CPU
	EndGlobalSection
	GlobalSection(ProjectConfigurationPlatforms) = postSolution
		{AC290A6D-EEFE-40CE-A3F9-D6B63752683A}.Debug|Any CPU.ActiveCfg = Debug|Any CPU
		{AC290A6D-EEFE-40CE-A3F9-D6B63752683A}.Debug|Any CPU.Build.0 = Debug|Any CPU
		{AC290A6D-EEFE-40CE-A3F9-D6B63752683A}.Release|Any CPU.ActiveCfg = Release|Any CPU
		{AC290A6D-EEFE-40CE-A3F9-D6B63752683A}.Release|Any CPU.Build.0 = Release|Any CPU
	EndGlobalSection
	GlobalSection(SolutionProperties) = preSolution
		HideSolutionNode = FALSE
	EndGlobalSection
	GlobalSection(ExtensibilityGlobals) = postSolution
		SolutionGuid = {63F69AF3-A76D-4365-82FA-171A2397BAE5}
	EndGlobalSection
EndGlobal
